{
  "name": "brick-breaker",
  "version": "1.0.0",
  "lockfileVersion": 1,
  "requires": true,
  "dependencies": {
    "eslint-config-p5js": {
      "version": "1.0.1",
      "resolved": "https://registry.npmjs.org/eslint-config-p5js/-/eslint-config-p5js-1.0.1.tgz",
      "integrity": "sha1-wEH6jLXnoc5ZEB2pXL3fy5Q+L+I=",
      "dev": true
    }
  }
}
